
Microsoft Visual Studio Solution File, Format Version 12.00
# Visual Studio Version 17
VisualStudioVersion = 17.12.35707.178
MinimumVisualStudioVersion = 10.0.40219.1
Project("{FAE04EC0-301F-11D3-BF4B-00C04F79EFBC}") = "AppKolHaNoar", "AppKolHaNoar\AppKolHaNoar.csproj", "{EB10CA27-13B0-4D65-AF83-75770E7DC3DB}"
EndProject
Project("{2150E333-8FDC-42A3-9474-1A3956D46DE8}") = "Solution Items", "Solution Items", "{EAB5A1CB-F3FB-4F82-B261-FDA487A40813}"
	ProjectSection(SolutionItems) = preProject
		.gitignore = .gitignore
		Directory.Build.props = Directory.Build.props
		Directory.Build.targets = Directory.Build.targets
		Directory.Packages.props = Directory.Packages.props
		global.json = global.json
	EndProjectSection
EndProject
Project("{FAE04EC0-301F-11D3-BF4B-00C04F79EFBC}") = "DataAccess", "DataAccess\DataAccess.csproj", "{381D94FD-A577-4F8A-BF3C-0FB082B7C8E6}"
EndProject
Project("{FAE04EC0-301F-11D3-BF4B-00C04F79EFBC}") = "DTO", "DTO\DTO.csproj", "{2CF003D0-25B3-4D91-AD62-955A4C3C1C8C}"
EndProject
Project("{FAE04EC0-301F-11D3-BF4B-00C04F79EFBC}") = "MediaProcessor", "MediaProcessor\MediaProcessor.csproj", "{BA04388E-39D5-40A8-BCB2-3906F05407D4}"
EndProject
Project("{FAE04EC0-301F-11D3-BF4B-00C04F79EFBC}") = "EmailReport", "EmailReport\EmailReport.csproj", "{15EAB93D-C03A-43B6-B1FF-59D9BA507662}"
EndProject
Global
	GlobalSection(SolutionConfigurationPlatforms) = preSolution
		Debug|Any CPU = Debug|Any CPU
		Release|Any CPU = Release|Any CPU
	EndGlobalSection
	GlobalSection(ProjectConfigurationPlatforms) = postSolution
		{EB10CA27-13B0-4D65-AF83-75770E7DC3DB}.Debug|Any CPU.ActiveCfg = Debug|Any CPU
		{EB10CA27-13B0-4D65-AF83-75770E7DC3DB}.Debug|Any CPU.Build.0 = Debug|Any CPU
		{EB10CA27-13B0-4D65-AF83-75770E7DC3DB}.Debug|Any CPU.Deploy.0 = Debug|Any CPU
		{EB10CA27-13B0-4D65-AF83-75770E7DC3DB}.Release|Any CPU.ActiveCfg = Release|Any CPU
		{EB10CA27-13B0-4D65-AF83-75770E7DC3DB}.Release|Any CPU.Build.0 = Release|Any CPU
		{EB10CA27-13B0-4D65-AF83-75770E7DC3DB}.Release|Any CPU.Deploy.0 = Release|Any CPU
		{381D94FD-A577-4F8A-BF3C-0FB082B7C8E6}.Debug|Any CPU.ActiveCfg = Debug|Any CPU
		{381D94FD-A577-4F8A-BF3C-0FB082B7C8E6}.Debug|Any CPU.Build.0 = Debug|Any CPU
		{381D94FD-A577-4F8A-BF3C-0FB082B7C8E6}.Release|Any CPU.ActiveCfg = Release|Any CPU
		{381D94FD-A577-4F8A-BF3C-0FB082B7C8E6}.Release|Any CPU.Build.0 = Release|Any CPU
		{2CF003D0-25B3-4D91-AD62-955A4C3C1C8C}.Debug|Any CPU.ActiveCfg = Debug|Any CPU
		{2CF003D0-25B3-4D91-AD62-955A4C3C1C8C}.Debug|Any CPU.Build.0 = Debug|Any CPU
		{2CF003D0-25B3-4D91-AD62-955A4C3C1C8C}.Release|Any CPU.ActiveCfg = Release|Any CPU
		{2CF003D0-25B3-4D91-AD62-955A4C3C1C8C}.Release|Any CPU.Build.0 = Release|Any CPU
		{BA04388E-39D5-40A8-BCB2-3906F05407D4}.Debug|Any CPU.ActiveCfg = Debug|Any CPU
		{BA04388E-39D5-40A8-BCB2-3906F05407D4}.Debug|Any CPU.Build.0 = Debug|Any CPU
		{BA04388E-39D5-40A8-BCB2-3906F05407D4}.Release|Any CPU.ActiveCfg = Release|Any CPU
		{BA04388E-39D5-40A8-BCB2-3906F05407D4}.Release|Any CPU.Build.0 = Release|Any CPU
		{15EAB93D-C03A-43B6-B1FF-59D9BA507662}.Debug|Any CPU.ActiveCfg = Debug|Any CPU
		{15EAB93D-C03A-43B6-B1FF-59D9BA507662}.Debug|Any CPU.Build.0 = Debug|Any CPU
		{15EAB93D-C03A-43B6-B1FF-59D9BA507662}.Release|Any CPU.ActiveCfg = Release|Any CPU
		{15EAB93D-C03A-43B6-B1FF-59D9BA507662}.Release|Any CPU.Build.0 = Release|Any CPU
	EndGlobalSection
	GlobalSection(SolutionProperties) = preSolution
		HideSolutionNode = FALSE
	EndGlobalSection
	GlobalSection(ExtensibilityGlobals) = postSolution
		SolutionGuid = {A9F838DD-882B-4867-A8D9-4546FF8EE438}
	EndGlobalSection
EndGlobal
